
Microsoft Visual Studio Solution File, Format Version 12.00
# Visual Studio Version 17
VisualStudioVersion = 17.4.33403.182
MinimumVisualStudioVersion = 10.0.40219.1
Project("{FAE04EC0-301F-11D3-BF4B-00C04F79EFBC}") = "EnTiTyFramework", "EnTiTyFramework\EnTiTyFramework.csproj", "{6AB96223-FF10-495D-9EC1-6751F535CF2D}"
EndProject
Global
	GlobalSection(SolutionConfigurationPlatforms) = preSolution
		Debug|Any CPU = Debug|Any CPU
		Release|Any CPU = Release|Any CPU
	EndGlobalSection
	GlobalSection(ProjectConfigurationPlatforms) = postSolution
		{6AB96223-FF10-495D-9EC1-6751F535CF2D}.Debug|Any CPU.ActiveCfg = Debug|Any CPU
		{6AB96223-FF10-495D-9EC1-6751F535CF2D}.Debug|Any CPU.Build.0 = Debug|Any CPU
		{6AB96223-FF10-495D-9EC1-6751F535CF2D}.Release|Any CPU.ActiveCfg = Release|Any CPU
		{6AB96223-FF10-495D-9EC1-6751F535CF2D}.Release|Any CPU.Build.0 = Release|Any CPU
	EndGlobalSection
	GlobalSection(SolutionProperties) = preSolution
		HideSolutionNode = FALSE
	EndGlobalSection
	GlobalSection(ExtensibilityGlobals) = postSolution
		SolutionGuid = {1CE3EF4A-1A47-4B61-9004-A2AC6147C5E9}
	EndGlobalSection
EndGlobal
